
Microsoft Visual Studio Solution File, Format Version 12.00
# Visual Studio Version 17
VisualStudioVersion = 17.0.31903.59
MinimumVisualStudioVersion = 10.0.40219.1
Project("{2150E333-8FDC-42A3-9474-1A3956D46DE8}") = "src", "src", "{827E0CD3-B72D-47B6-A68D-7590B98EB39B}"
EndProject
Project("{2150E333-8FDC-42A3-9474-1A3956D46DE8}") = "Core", "Core", "{8D626EA8-CB54-BC41-363A-217881BEBA6E}"
EndProject
Project("{FAE04EC0-301F-11D3-BF4B-00C04F79EFBC}") = "GenAI.SmartFlowPM.Domain", "src\Core\GenAI.SmartFlowPM.Domain\GenAI.SmartFlowPM.Domain.csproj", "{83748E62-4965-481F-833B-1CA9A333F698}"
EndProject
Project("{FAE04EC0-301F-11D3-BF4B-00C04F79EFBC}") = "GenAI.SmartFlowPM.Application", "src\Core\GenAI.SmartFlowPM.Application\GenAI.SmartFlowPM.Application.csproj", "{87C0D9FD-F1E7-4862-BB08-C37389E41A59}"
EndProject
Project("{2150E333-8FDC-42A3-9474-1A3956D46DE8}") = "Infrastructure", "Infrastructure", "{9048EB7F-3875-A59E-E36B-5BD4C6F2A282}"
EndProject
Project("{FAE04EC0-301F-11D3-BF4B-00C04F79EFBC}") = "GenAI.SmartFlowPM.Infrastructure", "src\Infrastructure\GenAI.SmartFlowPM.Infrastructure\GenAI.SmartFlowPM.Infrastructure.csproj", "{5F0F0B9C-0BF7-4F37-AD20-C9F9E0F83E28}"
EndProject
Project("{FAE04EC0-301F-11D3-BF4B-00C04F79EFBC}") = "GenAI.SmartFlowPM.Persistence", "src\Infrastructure\GenAI.SmartFlowPM.Persistence\GenAI.SmartFlowPM.Persistence.csproj", "{BD93BF8B-94D5-49B0-BDB4-57FEDF8F6B36}"
EndProject
Project("{2150E333-8FDC-42A3-9474-1A3956D46DE8}") = "Web", "Web", "{03997797-E7F5-0643-168D-B8EA7178C2FE}"
EndProject
Project("{FAE04EC0-301F-11D3-BF4B-00C04F79EFBC}") = "GenAI.SmartFlowPM.WebAPI", "src\Web\GenAI.SmartFlowPM.WebAPI\GenAI.SmartFlowPM.WebAPI.csproj", "{382F6622-F3FB-4A9C-A53E-F14D9DFD3614}"
EndProject
Project("{FAE04EC0-301F-11D3-BF4B-00C04F79EFBC}") = "SmartFlowPM.AppHost", "SmartFlowPM.AppHost\SmartFlowPM.AppHost.csproj", "{6473BCA6-35DB-4527-94B2-5BC91D910452}"
EndProject
Project("{FAE04EC0-301F-11D3-BF4B-00C04F79EFBC}") = "ServiceDefaults", "ServiceDefaults\ServiceDefaults.csproj", "{F5DDA715-C87E-4429-B1AC-0DB02BCFB8AA}"
EndProject
Global
	GlobalSection(SolutionConfigurationPlatforms) = preSolution
		Debug|Any CPU = Debug|Any CPU
		Debug|x64 = Debug|x64
		Debug|x86 = Debug|x86
		Release|Any CPU = Release|Any CPU
		Release|x64 = Release|x64
		Release|x86 = Release|x86
	EndGlobalSection
	GlobalSection(ProjectConfigurationPlatforms) = postSolution
		{83748E62-4965-481F-833B-1CA9A333F698}.Debug|Any CPU.ActiveCfg = Debug|Any CPU
		{83748E62-4965-481F-833B-1CA9A333F698}.Debug|Any CPU.Build.0 = Debug|Any CPU
		{83748E62-4965-481F-833B-1CA9A333F698}.Debug|x64.ActiveCfg = Debug|Any CPU
		{83748E62-4965-481F-833B-1CA9A333F698}.Debug|x64.Build.0 = Debug|Any CPU
		{83748E62-4965-481F-833B-1CA9A333F698}.Debug|x86.ActiveCfg = Debug|Any CPU
		{83748E62-4965-481F-833B-1CA9A333F698}.Debug|x86.Build.0 = Debug|Any CPU
		{83748E62-4965-481F-833B-1CA9A333F698}.Release|Any CPU.ActiveCfg = Release|Any CPU
		{83748E62-4965-481F-833B-1CA9A333F698}.Release|Any CPU.Build.0 = Release|Any CPU
		{83748E62-4965-481F-833B-1CA9A333F698}.Release|x64.ActiveCfg = Release|Any CPU
		{83748E62-4965-481F-833B-1CA9A333F698}.Release|x64.Build.0 = Release|Any CPU
		{83748E62-4965-481F-833B-1CA9A333F698}.Release|x86.ActiveCfg = Release|Any CPU
		{83748E62-4965-481F-833B-1CA9A333F698}.Release|x86.Build.0 = Release|Any CPU
		{87C0D9FD-F1E7-4862-BB08-C37389E41A59}.Debug|Any CPU.ActiveCfg = Debug|Any CPU
		{87C0D9FD-F1E7-4862-BB08-C37389E41A59}.Debug|Any CPU.Build.0 = Debug|Any CPU
		{87C0D9FD-F1E7-4862-BB08-C37389E41A59}.Debug|x64.ActiveCfg = Debug|Any CPU
		{87C0D9FD-F1E7-4862-BB08-C37389E41A59}.Debug|x64.Build.0 = Debug|Any CPU
		{87C0D9FD-F1E7-4862-BB08-C37389E41A59}.Debug|x86.ActiveCfg = Debug|Any CPU
		{87C0D9FD-F1E7-4862-BB08-C37389E41A59}.Debug|x86.Build.0 = Debug|Any CPU
		{87C0D9FD-F1E7-4862-BB08-C37389E41A59}.Release|Any CPU.ActiveCfg = Release|Any CPU
		{87C0D9FD-F1E7-4862-BB08-C37389E41A59}.Release|Any CPU.Build.0 = Release|Any CPU
		{87C0D9FD-F1E7-4862-BB08-C37389E41A59}.Release|x64.ActiveCfg = Release|Any CPU
		{87C0D9FD-F1E7-4862-BB08-C37389E41A59}.Release|x64.Build.0 = Release|Any CPU
		{87C0D9FD-F1E7-4862-BB08-C37389E41A59}.Release|x86.ActiveCfg = Release|Any CPU
		{87C0D9FD-F1E7-4862-BB08-C37389E41A59}.Release|x86.Build.0 = Release|Any CPU
		{5F0F0B9C-0BF7-4F37-AD20-C9F9E0F83E28}.Debug|Any CPU.ActiveCfg = Debug|Any CPU
		{5F0F0B9C-0BF7-4F37-AD20-C9F9E0F83E28}.Debug|Any CPU.Build.0 = Debug|Any CPU
		{5F0F0B9C-0BF7-4F37-AD20-C9F9E0F83E28}.Debug|x64.ActiveCfg = Debug|Any CPU
		{5F0F0B9C-0BF7-4F37-AD20-C9F9E0F83E28}.Debug|x64.Build.0 = Debug|Any CPU
		{5F0F0B9C-0BF7-4F37-AD20-C9F9E0F83E28}.Debug|x86.ActiveCfg = Debug|Any CPU
		{5F0F0B9C-0BF7-4F37-AD20-C9F9E0F83E28}.Debug|x86.Build.0 = Debug|Any CPU
		{5F0F0B9C-0BF7-4F37-AD20-C9F9E0F83E28}.Release|Any CPU.ActiveCfg = Release|Any CPU
		{5F0F0B9C-0BF7-4F37-AD20-C9F9E0F83E28}.Release|Any CPU.Build.0 = Release|Any CPU
		{5F0F0B9C-0BF7-4F37-AD20-C9F9E0F83E28}.Release|x64.ActiveCfg = Release|Any CPU
		{5F0F0B9C-0BF7-4F37-AD20-C9F9E0F83E28}.Release|x64.Build.0 = Release|Any CPU
		{5F0F0B9C-0BF7-4F37-AD20-C9F9E0F83E28}.Release|x86.ActiveCfg = Release|Any CPU
		{5F0F0B9C-0BF7-4F37-AD20-C9F9E0F83E28}.Release|x86.Build.0 = Release|Any CPU
		{BD93BF8B-94D5-49B0-BDB4-57FEDF8F6B36}.Debug|Any CPU.ActiveCfg = Debug|Any CPU
		{BD93BF8B-94D5-49B0-BDB4-57FEDF8F6B36}.Debug|Any CPU.Build.0 = Debug|Any CPU
		{BD93BF8B-94D5-49B0-BDB4-57FEDF8F6B36}.Debug|x64.ActiveCfg = Debug|Any CPU
		{BD93BF8B-94D5-49B0-BDB4-57FEDF8F6B36}.Debug|x64.Build.0 = Debug|Any CPU
		{BD93BF8B-94D5-49B0-BDB4-57FEDF8F6B36}.Debug|x86.ActiveCfg = Debug|Any CPU
		{BD93BF8B-94D5-49B0-BDB4-57FEDF8F6B36}.Debug|x86.Build.0 = Debug|Any CPU
		{BD93BF8B-94D5-49B0-BDB4-57FEDF8F6B36}.Release|Any CPU.ActiveCfg = Release|Any CPU
		{BD93BF8B-94D5-49B0-BDB4-57FEDF8F6B36}.Release|Any CPU.Build.0 = Release|Any CPU
		{BD93BF8B-94D5-49B0-BDB4-57FEDF8F6B36}.Release|x64.ActiveCfg = Release|Any CPU
		{BD93BF8B-94D5-49B0-BDB4-57FEDF8F6B36}.Release|x64.Build.0 = Release|Any CPU
		{BD93BF8B-94D5-49B0-BDB4-57FEDF8F6B36}.Release|x86.ActiveCfg = Release|Any CPU
		{BD93BF8B-94D5-49B0-BDB4-57FEDF8F6B36}.Release|x86.Build.0 = Release|Any CPU
		{382F6622-F3FB-4A9C-A53E-F14D9DFD3614}.Debug|Any CPU.ActiveCfg = Debug|Any CPU
		{382F6622-F3FB-4A9C-A53E-F14D9DFD3614}.Debug|Any CPU.Build.0 = Debug|Any CPU
		{382F6622-F3FB-4A9C-A53E-F14D9DFD3614}.Debug|x64.ActiveCfg = Debug|Any CPU
		{382F6622-F3FB-4A9C-A53E-F14D9DFD3614}.Debug|x64.Build.0 = Debug|Any CPU
		{382F6622-F3FB-4A9C-A53E-F14D9DFD3614}.Debug|x86.ActiveCfg = Debug|Any CPU
		{382F6622-F3FB-4A9C-A53E-F14D9DFD3614}.Debug|x86.Build.0 = Debug|Any CPU
		{382F6622-F3FB-4A9C-A53E-F14D9DFD3614}.Release|Any CPU.ActiveCfg = Release|Any CPU
		{382F6622-F3FB-4A9C-A53E-F14D9DFD3614}.Release|Any CPU.Build.0 = Release|Any CPU
		{382F6622-F3FB-4A9C-A53E-F14D9DFD3614}.Release|x64.ActiveCfg = Release|Any CPU
		{382F6622-F3FB-4A9C-A53E-F14D9DFD3614}.Release|x64.Build.0 = Release|Any CPU
		{382F6622-F3FB-4A9C-A53E-F14D9DFD3614}.Release|x86.ActiveCfg = Release|Any CPU
		{382F6622-F3FB-4A9C-A53E-F14D9DFD3614}.Release|x86.Build.0 = Release|Any CPU
		{6473BCA6-35DB-4527-94B2-5BC91D910452}.Debug|Any CPU.ActiveCfg = Debug|Any CPU
		{6473BCA6-35DB-4527-94B2-5BC91D910452}.Debug|Any CPU.Build.0 = Debug|Any CPU
		{6473BCA6-35DB-4527-94B2-5BC91D910452}.Debug|x64.ActiveCfg = Debug|Any CPU
		{6473BCA6-35DB-4527-94B2-5BC91D910452}.Debug|x64.Build.0 = Debug|Any CPU
		{6473BCA6-35DB-4527-94B2-5BC91D910452}.Debug|x86.ActiveCfg = Debug|Any CPU
		{6473BCA6-35DB-4527-94B2-5BC91D910452}.Debug|x86.Build.0 = Debug|Any CPU
		{6473BCA6-35DB-4527-94B2-5BC91D910452}.Release|Any CPU.ActiveCfg = Release|Any CPU
		{6473BCA6-35DB-4527-94B2-5BC91D910452}.Release|Any CPU.Build.0 = Release|Any CPU
		{6473BCA6-35DB-4527-94B2-5BC91D910452}.Release|x64.ActiveCfg = Release|Any CPU
		{6473BCA6-35DB-4527-94B2-5BC91D910452}.Release|x64.Build.0 = Release|Any CPU
		{6473BCA6-35DB-4527-94B2-5BC91D910452}.Release|x86.ActiveCfg = Release|Any CPU
		{6473BCA6-35DB-4527-94B2-5BC91D910452}.Release|x86.Build.0 = Release|Any CPU
		{F5DDA715-C87E-4429-B1AC-0DB02BCFB8AA}.Debug|Any CPU.ActiveCfg = Debug|Any CPU
		{F5DDA715-C87E-4429-B1AC-0DB02BCFB8AA}.Debug|Any CPU.Build.0 = Debug|Any CPU
		{F5DDA715-C87E-4429-B1AC-0DB02BCFB8AA}.Debug|x64.ActiveCfg = Debug|Any CPU
		{F5DDA715-C87E-4429-B1AC-0DB02BCFB8AA}.Debug|x64.Build.0 = Debug|Any CPU
		{F5DDA715-C87E-4429-B1AC-0DB02BCFB8AA}.Debug|x86.ActiveCfg = Debug|Any CPU
		{F5DDA715-C87E-4429-B1AC-0DB02BCFB8AA}.Debug|x86.Build.0 = Debug|Any CPU
		{F5DDA715-C87E-4429-B1AC-0DB02BCFB8AA}.Release|Any CPU.ActiveCfg = Release|Any CPU
		{F5DDA715-C87E-4429-B1AC-0DB02BCFB8AA}.Release|Any CPU.Build.0 = Release|Any CPU
		{F5DDA715-C87E-4429-B1AC-0DB02BCFB8AA}.Release|x64.ActiveCfg = Release|Any CPU
		{F5DDA715-C87E-4429-B1AC-0DB02BCFB8AA}.Release|x64.Build.0 = Release|Any CPU
		{F5DDA715-C87E-4429-B1AC-0DB02BCFB8AA}.Release|x86.ActiveCfg = Release|Any CPU
		{F5DDA715-C87E-4429-B1AC-0DB02BCFB8AA}.Release|x86.Build.0 = Release|Any CPU
	EndGlobalSection
	GlobalSection(SolutionProperties) = preSolution
		HideSolutionNode = FALSE
	EndGlobalSection
	GlobalSection(NestedProjects) = preSolution
		{8D626EA8-CB54-BC41-363A-217881BEBA6E} = {827E0CD3-B72D-47B6-A68D-7590B98EB39B}
		{83748E62-4965-481F-833B-1CA9A333F698} = {8D626EA8-CB54-BC41-363A-217881BEBA6E}
		{87C0D9FD-F1E7-4862-BB08-C37389E41A59} = {8D626EA8-CB54-BC41-363A-217881BEBA6E}
		{9048EB7F-3875-A59E-E36B-5BD4C6F2A282} = {827E0CD3-B72D-47B6-A68D-7590B98EB39B}
		{5F0F0B9C-0BF7-4F37-AD20-C9F9E0F83E28} = {9048EB7F-3875-A59E-E36B-5BD4C6F2A282}
		{BD93BF8B-94D5-49B0-BDB4-57FEDF8F6B36} = {9048EB7F-3875-A59E-E36B-5BD4C6F2A282}
		{03997797-E7F5-0643-168D-B8EA7178C2FE} = {827E0CD3-B72D-47B6-A68D-7590B98EB39B}
		{382F6622-F3FB-4A9C-A53E-F14D9DFD3614} = {03997797-E7F5-0643-168D-B8EA7178C2FE}
	EndGlobalSection
EndGlobal
